
Microsoft Visual Studio Solution File, Format Version 12.00
# Visual Studio Version 17
VisualStudioVersion = 17.9.34622.214
MinimumVisualStudioVersion = 10.0.40219.1
Project("{FAE04EC0-301F-11D3-BF4B-00C04F79EFBC}") = "WebApplication1", "WebApplication1\WebApplication1.csproj", "{B17CEBB8-ED8E-4630-8827-269AE6A285EB}"
EndProject
Global
	GlobalSection(SolutionConfigurationPlatforms) = preSolution
		Debug|Any CPU = Debug|Any CPU
		Release|Any CPU = Release|Any CPU
	EndGlobalSection
	GlobalSection(ProjectConfigurationPlatforms) = postSolution
		{B17CEBB8-ED8E-4630-8827-269AE6A285EB}.Debug|Any CPU.ActiveCfg = Debug|Any CPU
		{B17CEBB8-ED8E-4630-8827-269AE6A285EB}.Debug|Any CPU.Build.0 = Debug|Any CPU
		{B17CEBB8-ED8E-4630-8827-269AE6A285EB}.Release|Any CPU.ActiveCfg = Release|Any CPU
		{B17CEBB8-ED8E-4630-8827-269AE6A285EB}.Release|Any CPU.Build.0 = Release|Any CPU
	EndGlobalSection
	GlobalSection(SolutionProperties) = preSolution
		HideSolutionNode = FALSE
	EndGlobalSection
	GlobalSection(ExtensibilityGlobals) = postSolution
		SolutionGuid = {5A24DEBB-7AFC-4148-AB4E-A76EAB187BC4}
	EndGlobalSection
EndGlobal
